
Microsoft Visual Studio Solution File, Format Version 12.00
# Visual Studio Version 17
VisualStudioVersion = 17.8.34511.84
MinimumVisualStudioVersion = 10.0.40219.1
Project("{8BC9CEB8-8B4A-11D0-8D11-00A0C91BC942}") = "Lab1", "Lab1\Lab1\Lab1.vcxproj", "{E50AD30C-425C-473D-BF7A-713904F6ACCA}"
EndProject
Project("{8BC9CEB8-8B4A-11D0-8D11-00A0C91BC942}") = "Lab2", "Lab2\Lab2\Lab2.vcxproj", "{C94750A2-2225-4D2B-88F5-FADB9C158477}"
EndProject
Project("{8BC9CEB8-8B4A-11D0-8D11-00A0C91BC942}") = "Lab3", "Lab3\Lab3\Lab3.vcxproj", "{A1D8AC8E-553C-4B39-81E1-C1A1488FE29F}"
EndProject
Project("{8BC9CEB8-8B4A-11D0-8D11-00A0C91BC942}") = "Lab4", "Lab4\Lab4.vcxproj", "{7194B458-BB7C-4193-9630-497404CB8D97}"
EndProject
Project("{8BC9CEB8-8B4A-11D0-8D11-00A0C91BC942}") = "Lab5", "Lab5\Lab5.vcxproj", "{5CA48F46-16C6-4277-A5CB-DFCCB3DC6C60}"
EndProject
Project("{8BC9CEB8-8B4A-11D0-8D11-00A0C91BC942}") = "Lab6", "Lab6\Lab6.vcxproj", "{EB67C6C3-CC04-4453-AF40-5A53F8F537C1}"
EndProject
Project("{8BC9CEB8-8B4A-11D0-8D11-00A0C91BC942}") = "Lab7", "Lab7\Lab7.vcxproj", "{3E8128D6-71C1-46F0-81AF-C4F789D87656}"
EndProject
Project("{8BC9CEB8-8B4A-11D0-8D11-00A0C91BC942}") = "Lab8", "Lab8\Lab8.vcxproj", "{1345512A-F2AF-4775-846E-1E16FB0C0A6B}"
EndProject
Global
	GlobalSection(SolutionConfigurationPlatforms) = preSolution
		Debug|x64 = Debug|x64
		Debug|x86 = Debug|x86
		Release|x64 = Release|x64
		Release|x86 = Release|x86
	EndGlobalSection
	GlobalSection(ProjectConfigurationPlatforms) = postSolution
		{E50AD30C-425C-473D-BF7A-713904F6ACCA}.Debug|x64.ActiveCfg = Debug|x64
		{E50AD30C-425C-473D-BF7A-713904F6ACCA}.Debug|x64.Build.0 = Debug|x64
		{E50AD30C-425C-473D-BF7A-713904F6ACCA}.Debug|x86.ActiveCfg = Debug|Win32
		{E50AD30C-425C-473D-BF7A-713904F6ACCA}.Debug|x86.Build.0 = Debug|Win32
		{E50AD30C-425C-473D-BF7A-713904F6ACCA}.Release|x64.ActiveCfg = Release|x64
		{E50AD30C-425C-473D-BF7A-713904F6ACCA}.Release|x64.Build.0 = Release|x64
		{E50AD30C-425C-473D-BF7A-713904F6ACCA}.Release|x86.ActiveCfg = Release|Win32
		{E50AD30C-425C-473D-BF7A-713904F6ACCA}.Release|x86.Build.0 = Release|Win32
		{C94750A2-2225-4D2B-88F5-FADB9C158477}.Debug|x64.ActiveCfg = Debug|x64
		{C94750A2-2225-4D2B-88F5-FADB9C158477}.Debug|x64.Build.0 = Debug|x64
		{C94750A2-2225-4D2B-88F5-FADB9C158477}.Debug|x86.ActiveCfg = Debug|Win32
		{C94750A2-2225-4D2B-88F5-FADB9C158477}.Debug|x86.Build.0 = Debug|Win32
		{C94750A2-2225-4D2B-88F5-FADB9C158477}.Release|x64.ActiveCfg = Release|x64
		{C94750A2-2225-4D2B-88F5-FADB9C158477}.Release|x64.Build.0 = Release|x64
		{C94750A2-2225-4D2B-88F5-FADB9C158477}.Release|x86.ActiveCfg = Release|Win32
		{C94750A2-2225-4D2B-88F5-FADB9C158477}.Release|x86.Build.0 = Release|Win32
		{A1D8AC8E-553C-4B39-81E1-C1A1488FE29F}.Debug|x64.ActiveCfg = Debug|x64
		{A1D8AC8E-553C-4B39-81E1-C1A1488FE29F}.Debug|x64.Build.0 = Debug|x64
		{A1D8AC8E-553C-4B39-81E1-C1A1488FE29F}.Debug|x86.ActiveCfg = Debug|Win32
		{A1D8AC8E-553C-4B39-81E1-C1A1488FE29F}.Debug|x86.Build.0 = Debug|Win32
		{A1D8AC8E-553C-4B39-81E1-C1A1488FE29F}.Release|x64.ActiveCfg = Release|x64
		{A1D8AC8E-553C-4B39-81E1-C1A1488FE29F}.Release|x64.Build.0 = Release|x64
		{A1D8AC8E-553C-4B39-81E1-C1A1488FE29F}.Release|x86.ActiveCfg = Release|Win32
		{A1D8AC8E-553C-4B39-81E1-C1A1488FE29F}.Release|x86.Build.0 = Release|Win32
		{7194B458-BB7C-4193-9630-497404CB8D97}.Debug|x64.ActiveCfg = Debug|x64
		{7194B458-BB7C-4193-9630-497404CB8D97}.Debug|x64.Build.0 = Debug|x64
		{7194B458-BB7C-4193-9630-497404CB8D97}.Debug|x86.ActiveCfg = Debug|Win32
		{7194B458-BB7C-4193-9630-497404CB8D97}.Debug|x86.Build.0 = Debug|Win32
		{7194B458-BB7C-4193-9630-497404CB8D97}.Release|x64.ActiveCfg = Release|x64
		{7194B458-BB7C-4193-9630-497404CB8D97}.Release|x64.Build.0 = Release|x64
		{7194B458-BB7C-4193-9630-497404CB8D97}.Release|x86.ActiveCfg = Release|Win32
		{7194B458-BB7C-4193-9630-497404CB8D97}.Release|x86.Build.0 = Release|Win32
		{5CA48F46-16C6-4277-A5CB-DFCCB3DC6C60}.Debug|x64.ActiveCfg = Debug|x64
		{5CA48F46-16C6-4277-A5CB-DFCCB3DC6C60}.Debug|x64.Build.0 = Debug|x64
		{5CA48F46-16C6-4277-A5CB-DFCCB3DC6C60}.Debug|x86.ActiveCfg = Debug|Win32
		{5CA48F46-16C6-4277-A5CB-DFCCB3DC6C60}.Debug|x86.Build.0 = Debug|Win32
		{5CA48F46-16C6-4277-A5CB-DFCCB3DC6C60}.Release|x64.ActiveCfg = Release|x64
		{5CA48F46-16C6-4277-A5CB-DFCCB3DC6C60}.Release|x64.Build.0 = Release|x64
		{5CA48F46-16C6-4277-A5CB-DFCCB3DC6C60}.Release|x86.ActiveCfg = Release|Win32
		{5CA48F46-16C6-4277-A5CB-DFCCB3DC6C60}.Release|x86.Build.0 = Release|Win32
		{EB67C6C3-CC04-4453-AF40-5A53F8F537C1}.Debug|x64.ActiveCfg = Debug|x64
		{EB67C6C3-CC04-4453-AF40-5A53F8F537C1}.Debug|x64.Build.0 = Debug|x64
		{EB67C6C3-CC04-4453-AF40-5A53F8F537C1}.Debug|x86.ActiveCfg = Debug|Win32
		{EB67C6C3-CC04-4453-AF40-5A53F8F537C1}.Debug|x86.Build.0 = Debug|Win32
		{EB67C6C3-CC04-4453-AF40-5A53F8F537C1}.Release|x64.ActiveCfg = Release|x64
		{EB67C6C3-CC04-4453-AF40-5A53F8F537C1}.Release|x64.Build.0 = Release|x64
		{EB67C6C3-CC04-4453-AF40-5A53F8F537C1}.Release|x86.ActiveCfg = Release|Win32
		{EB67C6C3-CC04-4453-AF40-5A53F8F537C1}.Release|x86.Build.0 = Release|Win32
		{3E8128D6-71C1-46F0-81AF-C4F789D87656}.Debug|x64.ActiveCfg = Debug|x64
		{3E8128D6-71C1-46F0-81AF-C4F789D87656}.Debug|x64.Build.0 = Debug|x64
		{3E8128D6-71C1-46F0-81AF-C4F789D87656}.Debug|x86.ActiveCfg = Debug|Win32
		{3E8128D6-71C1-46F0-81AF-C4F789D87656}.Debug|x86.Build.0 = Debug|Win32
		{3E8128D6-71C1-46F0-81AF-C4F789D87656}.Release|x64.ActiveCfg = Release|x64
		{3E8128D6-71C1-46F0-81AF-C4F789D87656}.Release|x64.Build.0 = Release|x64
		{3E8128D6-71C1-46F0-81AF-C4F789D87656}.Release|x86.ActiveCfg = Release|Win32
		{3E8128D6-71C1-46F0-81AF-C4F789D87656}.Release|x86.Build.0 = Release|Win32
		{1345512A-F2AF-4775-846E-1E16FB0C0A6B}.Debug|x64.ActiveCfg = Debug|x64
		{1345512A-F2AF-4775-846E-1E16FB0C0A6B}.Debug|x64.Build.0 = Debug|x64
		{1345512A-F2AF-4775-846E-1E16FB0C0A6B}.Debug|x86.ActiveCfg = Debug|Win32
		{1345512A-F2AF-4775-846E-1E16FB0C0A6B}.Debug|x86.Build.0 = Debug|Win32
		{1345512A-F2AF-4775-846E-1E16FB0C0A6B}.Release|x64.ActiveCfg = Release|x64
		{1345512A-F2AF-4775-846E-1E16FB0C0A6B}.Release|x64.Build.0 = Release|x64
		{1345512A-F2AF-4775-846E-1E16FB0C0A6B}.Release|x86.ActiveCfg = Release|Win32
		{1345512A-F2AF-4775-846E-1E16FB0C0A6B}.Release|x86.Build.0 = Release|Win32
	EndGlobalSection
	GlobalSection(SolutionProperties) = preSolution
		HideSolutionNode = FALSE
	EndGlobalSection
	GlobalSection(ExtensibilityGlobals) = postSolution
		SolutionGuid = {2C424EC4-67FA-4DB8-B575-70E4E85E3236}
	EndGlobalSection
EndGlobal
